{
  "originHash" : "2c3bb77424627bfb8f18e6a99aca8534829acefa84c892c62b7c73c97197ac96",
  "pins" : [
    {
      "identity" : "capacitor-swift-pm",
      "kind" : "remoteSourceControl",
      "location" : "https://github.com/ionic-team/capacitor-swift-pm.git",
      "state" : {
        "revision" : "eb8e80d3dd54b9a6ff65b17f2bc3df69ae3d089e",
        "version" : "7.6.7"
      }
    }
  ],
  "version" : 3
}
